
Microsoft Visual Studio Solution File, Format Version 12.00
# Visual Studio Version 17
VisualStudioVersion = 17.8.34316.72
MinimumVisualStudioVersion = 10.0.40219.1
Project("{FAE04EC0-301F-11D3-BF4B-00C04F79EFBC}") = "Task1", "Task1\Task1.csproj", "{E5128D2C-331D-4544-9C26-CAE921992497}"
EndProject
Global
	GlobalSection(SolutionConfigurationPlatforms) = preSolution
		Debug|Any CPU = Debug|Any CPU
		Release|Any CPU = Release|Any CPU
	EndGlobalSection
	GlobalSection(ProjectConfigurationPlatforms) = postSolution
		{E5128D2C-331D-4544-9C26-CAE921992497}.Debug|Any CPU.ActiveCfg = Debug|Any CPU
		{E5128D2C-331D-4544-9C26-CAE921992497}.Debug|Any CPU.Build.0 = Debug|Any CPU
		{E5128D2C-331D-4544-9C26-CAE921992497}.Release|Any CPU.ActiveCfg = Release|Any CPU
		{E5128D2C-331D-4544-9C26-CAE921992497}.Release|Any CPU.Build.0 = Release|Any CPU
	EndGlobalSection
	GlobalSection(SolutionProperties) = preSolution
		HideSolutionNode = FALSE
	EndGlobalSection
	GlobalSection(ExtensibilityGlobals) = postSolution
		SolutionGuid = {79289E5E-E5B0-40FB-92E6-DE2FA9F5A19B}
	EndGlobalSection
EndGlobal
